# This file is autogenerated, do not edit; changes may be undone by the next 'dep ensure'.


[[projects]]
  branch = "master"
  name = "github.com/philipyao/phttp"
  packages = ["."]
  revision = "0611906d76f161be27e11999c8d8ebba338b731d"

[[projects]]
  branch = "master"
  name = "github.com/philipyao/toolbox"
  packages = ["util"]
  revision = "702835867bb44a57d07ca260608de627014c5c57"

[solve-meta]
  analyzer-name = "dep"
  analyzer-version = 1
  inputs-digest = "b401cb7854a3d6d1c8156e0d4f37cc61a1d01f638cdf4e878b785bd9b18e3465"
  solver-name = "gps-cdcl"
  solver-version = 1
